
Microsoft Visual Studio Solution File, Format Version 12.00
# Visual Studio 14
VisualStudioVersion = 14.0.25420.1
MinimumVisualStudioVersion = 10.0.40219.1
Project("{FAE04EC0-301F-11D3-BF4B-00C04F79EFBC}") = "Richev.DarkMornings.Core", "RichEv.DarkMornings.Core\Richev.DarkMornings.Core.csproj", "{B81EE85D-96D6-406B-B791-B866AF0A3450}"
EndProject
Project("{FAE04EC0-301F-11D3-BF4B-00C04F79EFBC}") = "Richev.DarkMornings.Core.Tests", "RichEv.DarkMornings.Core.Tests\Richev.DarkMornings.Core.Tests.csproj", "{555A1F94-F865-47FD-8A9B-34782D4BC7CD}"
EndProject
Project("{FAE04EC0-301F-11D3-BF4B-00C04F79EFBC}") = "Richev.DarkMornings.Web.Tests", "RichEv.DarkMornings.Web.Tests\Richev.DarkMornings.Web.Tests.csproj", "{11D58507-9CED-40FF-A26D-9CD68F596F45}"
EndProject
Project("{FAE04EC0-301F-11D3-BF4B-00C04F79EFBC}") = "Richev.DarkMornings.Web", "RichEv.DarkMornings.Web\Richev.DarkMornings.Web.csproj", "{3FF6C027-0918-467D-9D4C-A81D98AA8DA5}"
EndProject
Project("{2150E333-8FDC-42A3-9474-1A3956D46DE8}") = "Solution Items", "Solution Items", "{6C758B9F-D034-436B-97CF-F8C582FC731E}"
	ProjectSection(SolutionItems) = preProject
		LICENSE.txt = LICENSE.txt
	EndProjectSection
EndProject
Project("{FAE04EC0-301F-11D3-BF4B-00C04F79EFBC}") = "Richev.Common.Web", "..\..\RichevWebsites\src\Richev.Common.Web\Richev.Common.Web.csproj", "{73726FAB-866B-46AB-BBF3-E35793A983CD}"
EndProject
Global
	GlobalSection(SolutionConfigurationPlatforms) = preSolution
		Debug|Any CPU = Debug|Any CPU
		Release|Any CPU = Release|Any CPU
	EndGlobalSection
	GlobalSection(ProjectConfigurationPlatforms) = postSolution
		{B81EE85D-96D6-406B-B791-B866AF0A3450}.Debug|Any CPU.ActiveCfg = Debug|Any CPU
		{B81EE85D-96D6-406B-B791-B866AF0A3450}.Debug|Any CPU.Build.0 = Debug|Any CPU
		{B81EE85D-96D6-406B-B791-B866AF0A3450}.Release|Any CPU.ActiveCfg = Release|Any CPU
		{B81EE85D-96D6-406B-B791-B866AF0A3450}.Release|Any CPU.Build.0 = Release|Any CPU
		{555A1F94-F865-47FD-8A9B-34782D4BC7CD}.Debug|Any CPU.ActiveCfg = Debug|Any CPU
		{555A1F94-F865-47FD-8A9B-34782D4BC7CD}.Debug|Any CPU.Build.0 = Debug|Any CPU
		{555A1F94-F865-47FD-8A9B-34782D4BC7CD}.Release|Any CPU.ActiveCfg = Release|Any CPU
		{555A1F94-F865-47FD-8A9B-34782D4BC7CD}.Release|Any CPU.Build.0 = Release|Any CPU
		{11D58507-9CED-40FF-A26D-9CD68F596F45}.Debug|Any CPU.ActiveCfg = Debug|Any CPU
		{11D58507-9CED-40FF-A26D-9CD68F596F45}.Debug|Any CPU.Build.0 = Debug|Any CPU
		{11D58507-9CED-40FF-A26D-9CD68F596F45}.Release|Any CPU.ActiveCfg = Release|Any CPU
		{11D58507-9CED-40FF-A26D-9CD68F596F45}.Release|Any CPU.Build.0 = Release|Any CPU
		{3FF6C027-0918-467D-9D4C-A81D98AA8DA5}.Debug|Any CPU.ActiveCfg = Debug|Any CPU
		{3FF6C027-0918-467D-9D4C-A81D98AA8DA5}.Debug|Any CPU.Build.0 = Debug|Any CPU
		{3FF6C027-0918-467D-9D4C-A81D98AA8DA5}.Release|Any CPU.ActiveCfg = Release|Any CPU
		{3FF6C027-0918-467D-9D4C-A81D98AA8DA5}.Release|Any CPU.Build.0 = Release|Any CPU
		{73726FAB-866B-46AB-BBF3-E35793A983CD}.Debug|Any CPU.ActiveCfg = Debug|Any CPU
		{73726FAB-866B-46AB-BBF3-E35793A983CD}.Debug|Any CPU.Build.0 = Debug|Any CPU
		{73726FAB-866B-46AB-BBF3-E35793A983CD}.Release|Any CPU.ActiveCfg = Release|Any CPU
		{73726FAB-866B-46AB-BBF3-E35793A983CD}.Release|Any CPU.Build.0 = Release|Any CPU
	EndGlobalSection
	GlobalSection(SolutionProperties) = preSolution
		HideSolutionNode = FALSE
	EndGlobalSection
EndGlobal
